
Microsoft Visual Studio Solution File, Format Version 12.00
# Visual Studio 15
VisualStudioVersion = 15.0.27004.2005
MinimumVisualStudioVersion = 10.0.40219.1
Project("{FAE04EC0-301F-11D3-BF4B-00C04F79EFBC}") = "StreetVideo", "StreetVideo.csproj", "{855D15B4-C394-42EB-A23C-1C8D9ACBA4C2}"
EndProject
Global
	GlobalSection(SolutionConfigurationPlatforms) = preSolution
		Debug|Any CPU = Debug|Any CPU
		Release|Any CPU = Release|Any CPU
	EndGlobalSection
	GlobalSection(ProjectConfigurationPlatforms) = postSolution
		{855D15B4-C394-42EB-A23C-1C8D9ACBA4C2}.Debug|Any CPU.ActiveCfg = Debug|Any CPU
		{855D15B4-C394-42EB-A23C-1C8D9ACBA4C2}.Debug|Any CPU.Build.0 = Debug|Any CPU
		{855D15B4-C394-42EB-A23C-1C8D9ACBA4C2}.Release|Any CPU.ActiveCfg = Release|Any CPU
		{855D15B4-C394-42EB-A23C-1C8D9ACBA4C2}.Release|Any CPU.Build.0 = Release|Any CPU
	EndGlobalSection
	GlobalSection(SolutionProperties) = preSolution
		HideSolutionNode = FALSE
	EndGlobalSection
	GlobalSection(ExtensibilityGlobals) = postSolution
		SolutionGuid = {ABECE3B8-EDED-4670-8813-D6CCCEFB97D3}
	EndGlobalSection
EndGlobal
