
Microsoft Visual Studio Solution File, Format Version 12.00
# Visual Studio 15
VisualStudioVersion = 15.0.27004.2005
MinimumVisualStudioVersion = 10.0.40219.1
Project("{FAE04EC0-301F-11D3-BF4B-00C04F79EFBC}") = "wk81", "wk81\wk81.csproj", "{586CCF26-FC01-4CA3-A86F-ED8E16F4F987}"
EndProject
Project("{FAE04EC0-301F-11D3-BF4B-00C04F79EFBC}") = "wk81b", "wk81b\wk81b.csproj", "{00EF739D-1E45-4D32-BD37-4E97FADCEF7A}"
EndProject
Global
	GlobalSection(SolutionConfigurationPlatforms) = preSolution
		Debug|Any CPU = Debug|Any CPU
		Release|Any CPU = Release|Any CPU
	EndGlobalSection
	GlobalSection(ProjectConfigurationPlatforms) = postSolution
		{586CCF26-FC01-4CA3-A86F-ED8E16F4F987}.Debug|Any CPU.ActiveCfg = Debug|Any CPU
		{586CCF26-FC01-4CA3-A86F-ED8E16F4F987}.Debug|Any CPU.Build.0 = Debug|Any CPU
		{586CCF26-FC01-4CA3-A86F-ED8E16F4F987}.Release|Any CPU.ActiveCfg = Release|Any CPU
		{586CCF26-FC01-4CA3-A86F-ED8E16F4F987}.Release|Any CPU.Build.0 = Release|Any CPU
		{00EF739D-1E45-4D32-BD37-4E97FADCEF7A}.Debug|Any CPU.ActiveCfg = Debug|Any CPU
		{00EF739D-1E45-4D32-BD37-4E97FADCEF7A}.Debug|Any CPU.Build.0 = Debug|Any CPU
		{00EF739D-1E45-4D32-BD37-4E97FADCEF7A}.Release|Any CPU.ActiveCfg = Release|Any CPU
		{00EF739D-1E45-4D32-BD37-4E97FADCEF7A}.Release|Any CPU.Build.0 = Release|Any CPU
	EndGlobalSection
	GlobalSection(SolutionProperties) = preSolution
		HideSolutionNode = FALSE
	EndGlobalSection
	GlobalSection(ExtensibilityGlobals) = postSolution
		SolutionGuid = {38023A8D-6EC6-46DC-8DCF-38F3732506E7}
	EndGlobalSection
EndGlobal
