
Microsoft Visual Studio Solution File, Format Version 12.00
# Visual Studio 15
VisualStudioVersion = 15.0.27004.2005
MinimumVisualStudioVersion = 10.0.40219.1
Project("{FAE04EC0-301F-11D3-BF4B-00C04F79EFBC}") = "wk101", "wk101\wk101.csproj", "{F71D4D8D-41B7-4773-9968-48F6B2BBF18B}"
EndProject
Project("{FAE04EC0-301F-11D3-BF4B-00C04F79EFBC}") = "wk102", "wk102\wk102.csproj", "{AC8A8768-D443-4E92-A5A5-35170B49B1F4}"
EndProject
Project("{FAE04EC0-301F-11D3-BF4B-00C04F79EFBC}") = "WK103", "WK103\WK103.csproj", "{D1C84DB9-BECE-4696-B932-1EB1D9088378}"
EndProject
Project("{FAE04EC0-301F-11D3-BF4B-00C04F79EFBC}") = "wk104", "wk104\wk104.csproj", "{F49857E1-1A6B-451E-B6A0-76E1075FB211}"
EndProject
Global
	GlobalSection(SolutionConfigurationPlatforms) = preSolution
		Debug|Any CPU = Debug|Any CPU
		Release|Any CPU = Release|Any CPU
	EndGlobalSection
	GlobalSection(ProjectConfigurationPlatforms) = postSolution
		{F71D4D8D-41B7-4773-9968-48F6B2BBF18B}.Debug|Any CPU.ActiveCfg = Debug|Any CPU
		{F71D4D8D-41B7-4773-9968-48F6B2BBF18B}.Debug|Any CPU.Build.0 = Debug|Any CPU
		{F71D4D8D-41B7-4773-9968-48F6B2BBF18B}.Release|Any CPU.ActiveCfg = Release|Any CPU
		{F71D4D8D-41B7-4773-9968-48F6B2BBF18B}.Release|Any CPU.Build.0 = Release|Any CPU
		{AC8A8768-D443-4E92-A5A5-35170B49B1F4}.Debug|Any CPU.ActiveCfg = Debug|Any CPU
		{AC8A8768-D443-4E92-A5A5-35170B49B1F4}.Debug|Any CPU.Build.0 = Debug|Any CPU
		{AC8A8768-D443-4E92-A5A5-35170B49B1F4}.Release|Any CPU.ActiveCfg = Release|Any CPU
		{AC8A8768-D443-4E92-A5A5-35170B49B1F4}.Release|Any CPU.Build.0 = Release|Any CPU
		{D1C84DB9-BECE-4696-B932-1EB1D9088378}.Debug|Any CPU.ActiveCfg = Debug|Any CPU
		{D1C84DB9-BECE-4696-B932-1EB1D9088378}.Debug|Any CPU.Build.0 = Debug|Any CPU
		{D1C84DB9-BECE-4696-B932-1EB1D9088378}.Release|Any CPU.ActiveCfg = Release|Any CPU
		{D1C84DB9-BECE-4696-B932-1EB1D9088378}.Release|Any CPU.Build.0 = Release|Any CPU
		{F49857E1-1A6B-451E-B6A0-76E1075FB211}.Debug|Any CPU.ActiveCfg = Debug|Any CPU
		{F49857E1-1A6B-451E-B6A0-76E1075FB211}.Debug|Any CPU.Build.0 = Debug|Any CPU
		{F49857E1-1A6B-451E-B6A0-76E1075FB211}.Release|Any CPU.ActiveCfg = Release|Any CPU
		{F49857E1-1A6B-451E-B6A0-76E1075FB211}.Release|Any CPU.Build.0 = Release|Any CPU
	EndGlobalSection
	GlobalSection(SolutionProperties) = preSolution
		HideSolutionNode = FALSE
	EndGlobalSection
	GlobalSection(ExtensibilityGlobals) = postSolution
		SolutionGuid = {2432D056-6CEC-4B05-96F8-7787A3CF2B84}
	EndGlobalSection
EndGlobal
