
Microsoft Visual Studio Solution File, Format Version 12.00
# Visual Studio 15
VisualStudioVersion = 15.0.27004.2005
MinimumVisualStudioVersion = 10.0.40219.1
Project("{FAE04EC0-301F-11D3-BF4B-00C04F79EFBC}") = "wk111", "wk111\wk111.csproj", "{A3ABE626-3C27-4F80-80ED-2E2B1A1D305A}"
EndProject
Global
	GlobalSection(SolutionConfigurationPlatforms) = preSolution
		Debug|Any CPU = Debug|Any CPU
		Release|Any CPU = Release|Any CPU
	EndGlobalSection
	GlobalSection(ProjectConfigurationPlatforms) = postSolution
		{A3ABE626-3C27-4F80-80ED-2E2B1A1D305A}.Debug|Any CPU.ActiveCfg = Debug|Any CPU
		{A3ABE626-3C27-4F80-80ED-2E2B1A1D305A}.Debug|Any CPU.Build.0 = Debug|Any CPU
		{A3ABE626-3C27-4F80-80ED-2E2B1A1D305A}.Release|Any CPU.ActiveCfg = Release|Any CPU
		{A3ABE626-3C27-4F80-80ED-2E2B1A1D305A}.Release|Any CPU.Build.0 = Release|Any CPU
	EndGlobalSection
	GlobalSection(SolutionProperties) = preSolution
		HideSolutionNode = FALSE
	EndGlobalSection
	GlobalSection(ExtensibilityGlobals) = postSolution
		SolutionGuid = {ED685A78-03E2-4A7A-AAA5-39B2A409C047}
	EndGlobalSection
EndGlobal
